
Microsoft Visual Studio Solution File, Format Version 12.00
# Visual Studio 15
VisualStudioVersion = 15.0.27428.2015
MinimumVisualStudioVersion = 10.0.40219.1
Project("{FAE04EC0-301F-11D3-BF4B-00C04F79EFBC}") = "WebAPI", "WebAPI\WebAPI.csproj", "{6B182E1D-FE33-4D15-8C24-D4D7DB9E52A9}"
EndProject
Project("{FAE04EC0-301F-11D3-BF4B-00C04F79EFBC}") = "DataModel", "DataModel\DataModel.csproj", "{67EB670C-8F76-4359-9A95-35790FB8F27C}"
EndProject
Project("{FAE04EC0-301F-11D3-BF4B-00C04F79EFBC}") = "BusinessEntities", "BusinessEntities\BusinessEntities.csproj", "{B11A303C-CEE2-48CD-B182-26F7B16176AB}"
EndProject
Project("{FAE04EC0-301F-11D3-BF4B-00C04F79EFBC}") = "BusinessServices", "BusinessServices\BusinessServices.csproj", "{86E0BB81-F98C-4ABC-A199-B595744C8500}"
EndProject
Global
	GlobalSection(SolutionConfigurationPlatforms) = preSolution
		Debug|Any CPU = Debug|Any CPU
		Release|Any CPU = Release|Any CPU
	EndGlobalSection
	GlobalSection(ProjectConfigurationPlatforms) = postSolution
		{6B182E1D-FE33-4D15-8C24-D4D7DB9E52A9}.Debug|Any CPU.ActiveCfg = Debug|Any CPU
		{6B182E1D-FE33-4D15-8C24-D4D7DB9E52A9}.Debug|Any CPU.Build.0 = Debug|Any CPU
		{6B182E1D-FE33-4D15-8C24-D4D7DB9E52A9}.Release|Any CPU.ActiveCfg = Release|Any CPU
		{6B182E1D-FE33-4D15-8C24-D4D7DB9E52A9}.Release|Any CPU.Build.0 = Release|Any CPU
		{67EB670C-8F76-4359-9A95-35790FB8F27C}.Debug|Any CPU.ActiveCfg = Debug|Any CPU
		{67EB670C-8F76-4359-9A95-35790FB8F27C}.Debug|Any CPU.Build.0 = Debug|Any CPU
		{67EB670C-8F76-4359-9A95-35790FB8F27C}.Release|Any CPU.ActiveCfg = Release|Any CPU
		{67EB670C-8F76-4359-9A95-35790FB8F27C}.Release|Any CPU.Build.0 = Release|Any CPU
		{B11A303C-CEE2-48CD-B182-26F7B16176AB}.Debug|Any CPU.ActiveCfg = Debug|Any CPU
		{B11A303C-CEE2-48CD-B182-26F7B16176AB}.Debug|Any CPU.Build.0 = Debug|Any CPU
		{B11A303C-CEE2-48CD-B182-26F7B16176AB}.Release|Any CPU.ActiveCfg = Release|Any CPU
		{B11A303C-CEE2-48CD-B182-26F7B16176AB}.Release|Any CPU.Build.0 = Release|Any CPU
		{86E0BB81-F98C-4ABC-A199-B595744C8500}.Debug|Any CPU.ActiveCfg = Debug|Any CPU
		{86E0BB81-F98C-4ABC-A199-B595744C8500}.Debug|Any CPU.Build.0 = Debug|Any CPU
		{86E0BB81-F98C-4ABC-A199-B595744C8500}.Release|Any CPU.ActiveCfg = Release|Any CPU
		{86E0BB81-F98C-4ABC-A199-B595744C8500}.Release|Any CPU.Build.0 = Release|Any CPU
	EndGlobalSection
	GlobalSection(SolutionProperties) = preSolution
		HideSolutionNode = FALSE
	EndGlobalSection
	GlobalSection(ExtensibilityGlobals) = postSolution
		SolutionGuid = {57A9257C-30FE-48BF-AD23-C9E32AAC56A9}
	EndGlobalSection
EndGlobal
